# This file is automatically @generated by Cargo.
# It is not intended for manual editing.
version = 4

[[package]]
name = "penguin"
version = "0.2.0"

[[package]]
name = "penguin-cli-core"
version = "0.2.0"

[[package]]
name = "penguin-daemon"
version = "0.2.0"

[[package]]
name = "penguin-extplugin"
version = "0.2.0"

[[package]]
name = "penguin-goplugin-host"
version = "0.2.0"

[[package]]
name = "penguin-ipc"
version = "0.2.0"

[[package]]
name = "penguin-licensing"
version = "0.2.0"

[[package]]
name = "penguin-module-squawk"
version = "0.2.0"

[[package]]
name = "penguin-module-tobogganing"
version = "0.2.0"

[[package]]
name = "penguin-proto"
version = "0.2.0"

[[package]]
name = "penguin-registry"
version = "0.2.0"

[[package]]
name = "penguin-sdk"
version = "0.2.0"

[[package]]
name = "penguin-secrets"
version = "0.2.0"

[[package]]
name = "penguin-telemetry"
version = "0.2.0"

[[package]]
name = "penguin-tray"
version = "0.2.0"

[[package]]
name = "penguin-tray-model"
version = "0.2.0"

[[package]]
name = "penguin-update"
version = "0.2.0"

[[package]]
name = "penguind"
version = "0.2.0"

[[package]]
name = "plugin-hello-rs"
version = "0.2.0"

[[package]]
name = "squawk-client"
version = "0.2.0"
